// !$*UTF8*$!
{
	archiveVersion = 1;
	classes = {
	};
	objectVersion = 77;
	objects = {

/* Begin PBXBuildFile section */
		2AA202C72EF63E3900D74F5D /* Vortex in Frameworks */ = {isa = PBXBuildFile; productRef = 2AA202C52EF63E3900D74F5B /* Vortex */; };
		2AA202C82EF63E3900D74F5E /* Shimmer in Frameworks */ = {isa = PBXBuildFile; productRef = 2AA202C62EF63E3900D74F5C /* Shimmer */; };
/* End PBXBuildFile section */

/* Begin PBXContainerItemProxy section */
		2AA202A72EF63E3900D74F58 /* PBXContainerItemProxy */ = {
			isa = PBXContainerItemProxy;
			containerPortal = 2AA202902EF63E3800D74F58 /* Project object */;
			proxyType = 1;
			remoteGlobalIDString = 2AA202972EF63E3800D74F58;
			remoteInfo = metal;
		};
		2AA202B12EF63E3900D74F58 /* PBXContainerItemProxy */ = {
			isa = PBXContainerItemProxy;
			containerPortal = 2AA202902EF63E3800D74F58 /* Project object */;
			proxyType = 1;
			remoteGlobalIDString = 2AA202972EF63E3800D74F58;
			remoteInfo = metal;
		};
/* End PBXContainerItemProxy section */

/* Begin PBXFileReference section */
		2AA202982EF63E3800D74F58 /* metal.app */ = {isa = PBXFileReference; explicitFileType = wrapper.application; includeInIndex = 0; name = metal.app; path = Roxy.app; sourceTree = BUILT_PRODUCTS_DIR; };
		2AA202A62EF63E3900D74F58 /* metalTests.xctest */ = {isa = PBXFileReference; explicitFileType = wrapper.cfbundle; includeInIndex = 0; path = metalTests.xctest; sourceTree = BUILT_PRODUCTS_DIR; };
		2AA202B02EF63E3900D74F58 /* metalUITests.xctest */ = {isa = PBXFileReference; explicitFileType = wrapper.cfbundle; includeInIndex = 0; path = metalUITests.xctest; sourceTree = BUILT_PRODUCTS_DIR; };
/* End PBXFileReference section */

/* Begin PBXFileSystemSynchronizedRootGroup section */
		2AA2029A2EF63E3800D74F58 /* metal */ = {
			isa = PBXFileSystemSynchronizedRootGroup;
			path = metal;
			sourceTree = "<group>";
		};
		2AA202A92EF63E3900D74F58 /* metalTests */ = {
			isa = PBXFileSystemSynchronizedRootGroup;
			path = metalTests;
			sourceTree = "<group>";
		};
		2AA202B32EF63E3900D74F58 /* metalUITests */ = {
			isa = PBXFileSystemSynchronizedRootGroup;
			path = metalUITests;
			sourceTree = "<group>";
		};
/* End PBXFileSystemSynchronizedRootGroup section */

/* Begin PBXFrameworksBuildPhase section */
		2AA202952EF63E3800D74F58 /* Frameworks */ = {
			isa = PBXFrameworksBuildPhase;
			buildActionMask = 2147483647;
			files = (
				2AA202C72EF63E3900D74F5D /* Vortex in Frameworks */,
				2AA202C82EF63E3900D74F5E /* Shimmer in Frameworks */,
			);
			runOnlyForDeploymentPostprocessing = 0;
		};
		2AA202A32EF63E3900D74F58 /* Frameworks */ = {
			isa = PBXFrameworksBuildPhase;
			buildActionMask = 2147483647;
			files = (
			);
			runOnlyForDeploymentPostprocessing = 0;
		};
		2AA202AD2EF63E3900D74F58 /* Frameworks */ = {
			isa = PBXFrameworksBuildPhase;
			buildActionMask = 2147483647;
			files = (
			);
			runOnlyForDeploymentPostprocessing = 0;
		};
/* End PBXFrameworksBuildPhase section */

/* Begin PBXGroup section */
		2AA2028F2EF63E3800D74F58 = {
			isa = PBXGroup;
			children = (
				2AA2029A2EF63E3800D74F58 /* metal */,
				2AA202A92EF63E3900D74F58 /* metalTests */,
				2AA202B32EF63E3900D74F58 /* metalUITests */,
				2AA202992EF63E3800D74F58 /* Products */,
			);
			sourceTree = "<group>";
		};
		2AA202992EF63E3800D74F58 /* Products */ = {
			isa = PBXGroup;
			children = (
				2AA202982EF63E3800D74F58 /* metal.app */,
				2AA202A62EF63E3900D74F58 /* metalTests.xctest */,
				2AA202B02EF63E3900D74F58 /* metalUITests.xctest */,
			);
			name = Products;
			sourceTree = "<group>";
		};
/* End PBXGroup section */

/* Begin PBXNativeTarget section */
		2AA202972EF63E3800D74F58 /* metal */ = {
			isa = PBXNativeTarget;
			buildConfigurationList = 2AA202BA2EF63E3900D74F58 /* Build configuration list for PBXNativeTarget "metal" */;
			buildPhases = (
				2AA202942EF63E3800D74F58 /* Sources */,
				2AA202952EF63E3800D74F58 /* Frameworks */,
				2AA202962EF63E3800D74F58 /* Resources */,
			);
			buildRules = (
			);
			dependencies = (
			);
			fileSystemSynchronizedGroups = (
				2AA2029A2EF63E3800D74F58 /* metal */,
			);
			name = metal;
			packageProductDependencies = (
				2AA202C52EF63E3900D74F5B /* Vortex */,
				2AA202C62EF63E3900D74F5C /* Shimmer */,
			);
			productName = metal;
			productReference = 2AA202982EF63E3800D74F58 /* metal.app */;
			productType = "com.apple.product-type.application";
		};
		2AA202A52EF63E3900D74F58 /* metalTests */ = {
			isa = PBXNativeTarget;
			buildConfigurationList = 2AA202BD2EF63E3900D74F58 /* Build configuration list for PBXNativeTarget "metalTests" */;
			buildPhases = (
				2AA202A22EF63E3900D74F58 /* Sources */,
				2AA202A32EF63E3900D74F58 /* Frameworks */,
				2AA202A42EF63E3900D74F58 /* Resources */,
			);
			buildRules = (
			);
			dependencies = (
				2AA202A82EF63E3900D74F58 /* PBXTargetDependency */,
			);
			fileSystemSynchronizedGroups = (
				2AA202A92EF63E3900D74F58 /* metalTests */,
			);
			name = metalTests;
			packageProductDependencies = (
			);
			productName = metalTests;
			productReference = 2AA202A62EF63E3900D74F58 /* metalTests.xctest */;
			productType = "com.apple.product-type.bundle.unit-test";
		};
		2AA202AF2EF63E3900D74F58 /* metalUITests */ = {
			isa = PBXNativeTarget;
			buildConfigurationList = 2AA202C02EF63E3900D74F58 /* Build configuration list for PBXNativeTarget "metalUITests" */;
			buildPhases = (
				2AA202AC2EF63E3900D74F58 /* Sources */,
				2AA202AD2EF63E3900D74F58 /* Frameworks */,
				2AA202AE2EF63E3900D74F58 /* Resources */,
			);
			buildRules = (
			);
			dependencies = (
				2AA202B22EF63E3900D74F58 /* PBXTargetDependency */,
			);
			fileSystemSynchronizedGroups = (
				2AA202B32EF63E3900D74F58 /* metalUITests */,
			);
			name = metalUITests;
			packageProductDependencies = (
			);
			productName = metalUITests;
			productReference = 2AA202B02EF63E3900D74F58 /* metalUITests.xctest */;
			productType = "com.apple.product-type.bundle.ui-testing";
		};
/* End PBXNativeTarget section */

/* Begin PBXProject section */
		2AA202902EF63E3800D74F58 /* Project object */ = {
			isa = PBXProject;
			attributes = {
				BuildIndependentTargetsInParallel = 1;
				LastSwiftUpdateCheck = 1640;
				LastUpgradeCheck = 1640;
				TargetAttributes = {
					2AA202972EF63E3800D74F58 = {
						CreatedOnToolsVersion = 16.4;
					};
					2AA202A52EF63E3900D74F58 = {
						CreatedOnToolsVersion = 16.4;
						TestTargetID = 2AA202972EF63E3800D74F58;
					};
					2AA202AF2EF63E3900D74F58 = {
						CreatedOnToolsVersion = 16.4;
						TestTargetID = 2AA202972EF63E3800D74F58;
					};
				};
			};
			buildConfigurationList = 2AA202932EF63E3800D74F58 /* Build configuration list for PBXProject "metal" */;
			developmentRegion = en;
			hasScannedForEncodings = 0;
			knownRegions = (
				en,
				Base,
			);
			mainGroup = 2AA2028F2EF63E3800D74F58;
			minimizedProjectReferenceProxies = 1;
			packageReferences = (
				2AA202C32EF63E3900D74F59 /* XCRemoteSwiftPackageReference "Vortex" */,
				2AA202C42EF63E3900D74F5A /* XCRemoteSwiftPackageReference "SwiftUI-Shimmer" */,
			);
			preferredProjectObjectVersion = 77;
			productRefGroup = 2AA202992EF63E3800D74F58 /* Products */;
			projectDirPath = "";
			projectRoot = "";
			targets = (
				2AA202972EF63E3800D74F58 /* metal */,
				2AA202A52EF63E3900D74F58 /* metalTests */,
				2AA202AF2EF63E3900D74F58 /* metalUITests */,
			);
		};
/* End PBXProject section */

/* Begin PBXResourcesBuildPhase section */
		2AA202962EF63E3800D74F58 /* Resources */ = {
			isa = PBXResourcesBuildPhase;
			buildActionMask = 2147483647;
			files = (
			);
			runOnlyForDeploymentPostprocessing = 0;
		};
		2AA202A42EF63E3900D74F58 /* Resources */ = {
			isa = PBXResourcesBuildPhase;
			buildActionMask = 2147483647;
			files = (
			);
			runOnlyForDeploymentPostprocessing = 0;
		};
		2AA202AE2EF63E3900D74F58 /* Resources */ = {
			isa = PBXResourcesBuildPhase;
			buildActionMask = 2147483647;
			files = (
			);
			runOnlyForDeploymentPostprocessing = 0;
		};
/* End PBXResourcesBuildPhase section */

/* Begin PBXSourcesBuildPhase section */
		2AA202942EF63E3800D74F58 /* Sources */ = {
			isa = PBXSourcesBuildPhase;
			buildActionMask = 2147483647;
			files = (
			);
			runOnlyForDeploymentPostprocessing = 0;
		};
		2AA202A22EF63E3900D74F58 /* Sources */ = {
			isa = PBXSourcesBuildPhase;
			buildActionMask = 2147483647;
			files = (
			);
			runOnlyForDeploymentPostprocessing = 0;
		};
		2AA202AC2EF63E3900D74F58 /* Sources */ = {
			isa = PBXSourcesBuildPhase;
			buildActionMask = 2147483647;
			files = (
			);
			runOnlyForDeploymentPostprocessing = 0;
		};
/* End PBXSourcesBuildPhase section */

/* Begin PBXTargetDependency section */
		2AA202A82EF63E3900D74F58 /* PBXTargetDependency */ = {
			isa = PBXTargetDependency;
			target = 2AA202972EF63E3800D74F58 /* metal */;
			targetProxy = 2AA202A72EF63E3900D74F58 /* PBXContainerItemProxy */;
		};
		2AA202B22EF63E3900D74F58 /* PBXTargetDependency */ = {
			isa = PBXTargetDependency;
			target = 2AA202972EF63E3800D74F58 /* metal */;
			targetProxy = 2AA202B12EF63E3900D74F58 /* PBXContainerItemProxy */;
		};
/* End PBXTargetDependency section */

/* Begin XCBuildConfiguration section */
		2AA202B82EF63E3900D74F58 /* Debug */ = {
			isa = XCBuildConfiguration;
			buildSettings = {
				ALWAYS_SEARCH_USER_PATHS = NO;
				ASSETCATALOG_COMPILER_GENERATE_SWIFT_ASSET_SYMBOL_EXTENSIONS = YES;
				CLANG_ANALYZER_NONNULL = YES;
				CLANG_ANALYZER_NUMBER_OBJECT_CONVERSION = YES_AGGRESSIVE;
				CLANG_CXX_LANGUAGE_STANDARD = "gnu++20";
				CLANG_ENABLE_MODULES = YES;
				CLANG_ENABLE_OBJC_ARC = YES;
				CLANG_ENABLE_OBJC_WEAK = YES;
				CLANG_WARN_BLOCK_CAPTURE_AUTORELEASING = YES;
				CLANG_WARN_BOOL_CONVERSION = YES;
				CLANG_WARN_COMMA = YES;
				CLANG_WARN_CONSTANT_CONVERSION = YES;
				CLANG_WARN_DEPRECATED_OBJC_IMPLEMENTATIONS = YES;
				CLANG_WARN_DIRECT_OBJC_ISA_USAGE = YES_ERROR;
				CLANG_WARN_DOCUMENTATION_COMMENTS = YES;
				CLANG_WARN_EMPTY_BODY = YES;
				CLANG_WARN_ENUM_CONVERSION = YES;
				CLANG_WARN_INFINITE_RECURSION = YES;
				CLANG_WARN_INT_CONVERSION = YES;
				CLANG_WARN_NON_LITERAL_NULL_CONVERSION = YES;
				CLANG_WARN_OBJC_IMPLICIT_RETAIN_SELF = YES;
				CLANG_WARN_OBJC_LITERAL_CONVERSION = YES;
				CLANG_WARN_OBJC_ROOT_CLASS = YES_ERROR;
				CLANG_WARN_QUOTED_INCLUDE_IN_FRAMEWORK_HEADER = YES;
				CLANG_WARN_RANGE_LOOP_ANALYSIS = YES;
				CLANG_WARN_STRICT_PROTOTYPES = YES;
				CLANG_WARN_SUSPICIOUS_MOVE = YES;
				CLANG_WARN_UNGUARDED_AVAILABILITY = YES_AGGRESSIVE;
				CLANG_WARN_UNREACHABLE_CODE = YES;
				CLANG_WARN__DUPLICATE_METHOD_MATCH = YES;
				COPY_PHASE_STRIP = NO;
				DEBUG_INFORMATION_FORMAT = dwarf;
				DEVELOPMENT_TEAM = M2958969QL;
				ENABLE_STRICT_OBJC_MSGSEND = YES;
				ENABLE_TESTABILITY = YES;
				ENABLE_USER_SCRIPT_SANDBOXING = YES;
				GCC_C_LANGUAGE_STANDARD = gnu17;
				GCC_DYNAMIC_NO_PIC = NO;
				GCC_NO_COMMON_BLOCKS = YES;
				GCC_OPTIMIZATION_LEVEL = 0;
				GCC_PREPROCESSOR_DEFINITIONS = (
					"DEBUG=1",
					"$(inherited)",
				);
				GCC_WARN_64_TO_32_BIT_CONVERSION = YES;
				GCC_WARN_ABOUT_RETURN_TYPE = YES_ERROR;
				GCC_WARN_UNDECLARED_SELECTOR = YES;
				GCC_WARN_UNINITIALIZED_AUTOS = YES_AGGRESSIVE;
				GCC_WARN_UNUSED_FUNCTION = YES;
				GCC_WARN_UNUSED_VARIABLE = YES;
				LOCALIZATION_PREFERS_STRING_CATALOGS = YES;
				MACOSX_DEPLOYMENT_TARGET = 15.5;
				MTL_ENABLE_DEBUG_INFO = INCLUDE_SOURCE;
				MTL_FAST_MATH = YES;
				ONLY_ACTIVE_ARCH = NO;
				SDKROOT = macosx;
				SWIFT_ACTIVE_COMPILATION_CONDITIONS = "DEBUG $(inherited)";
				SWIFT_OPTIMIZATION_LEVEL = "-Onone";
			};
			name = Debug;
		};
		2AA202B92EF63E3900D74F58 /* Release */ = {
			isa = XCBuildConfiguration;
			buildSettings = {
				ALWAYS_SEARCH_USER_PATHS = NO;
				ASSETCATALOG_COMPILER_GENERATE_SWIFT_ASSET_SYMBOL_EXTENSIONS = YES;
				CLANG_ANALYZER_NONNULL = YES;
				CLANG_ANALYZER_NUMBER_OBJECT_CONVERSION = YES_AGGRESSIVE;
				CLANG_CXX_LANGUAGE_STANDARD = "gnu++20";
				CLANG_ENABLE_MODULES = YES;
				CLANG_ENABLE_OBJC_ARC = YES;
				CLANG_ENABLE_OBJC_WEAK = YES;
				CLANG_WARN_BLOCK_CAPTURE_AUTORELEASING = YES;
				CLANG_WARN_BOOL_CONVERSION = YES;
				CLANG_WARN_COMMA = YES;
				CLANG_WARN_CONSTANT_CONVERSION = YES;
				CLANG_WARN_DEPRECATED_OBJC_IMPLEMENTATIONS = YES;
				CLANG_WARN_DIRECT_OBJC_ISA_USAGE = YES_ERROR;
				CLANG_WARN_DOCUMENTATION_COMMENTS = YES;
				CLANG_WARN_EMPTY_BODY = YES;
				CLANG_WARN_ENUM_CONVERSION = YES;
				CLANG_WARN_INFINITE_RECURSION = YES;
				CLANG_WARN_INT_CONVERSION = YES;
				CLANG_WARN_NON_LITERAL_NULL_CONVERSION = YES;
				CLANG_WARN_OBJC_IMPLICIT_RETAIN_SELF = YES;
				CLANG_WARN_OBJC_LITERAL_CONVERSION = YES;
				CLANG_WARN_OBJC_ROOT_CLASS = YES_ERROR;
				CLANG_WARN_QUOTED_INCLUDE_IN_FRAMEWORK_HEADER = YES;
				CLANG_WARN_RANGE_LOOP_ANALYSIS = YES;
				CLANG_WARN_STRICT_PROTOTYPES = YES;
				CLANG_WARN_SUSPICIOUS_MOVE = YES;
				CLANG_WARN_UNGUARDED_AVAILABILITY = YES_AGGRESSIVE;
				CLANG_WARN_UNREACHABLE_CODE = YES;
				CLANG_WARN__DUPLICATE_METHOD_MATCH = YES;
				COPY_PHASE_STRIP = NO;
				DEBUG_INFORMATION_FORMAT = "dwarf-with-dsym";
				DEVELOPMENT_TEAM = M2958969QL;
				ENABLE_NS_ASSERTIONS = NO;
				ENABLE_STRICT_OBJC_MSGSEND = YES;
				ENABLE_USER_SCRIPT_SANDBOXING = YES;
				GCC_C_LANGUAGE_STANDARD = gnu17;
				GCC_NO_COMMON_BLOCKS = YES;
				GCC_WARN_64_TO_32_BIT_CONVERSION = YES;
				GCC_WARN_ABOUT_RETURN_TYPE = YES_ERROR;
				GCC_WARN_UNDECLARED_SELECTOR = YES;
				GCC_WARN_UNINITIALIZED_AUTOS = YES_AGGRESSIVE;
				GCC_WARN_UNUSED_FUNCTION = YES;
				GCC_WARN_UNUSED_VARIABLE = YES;
				LOCALIZATION_PREFERS_STRING_CATALOGS = YES;
				MACOSX_DEPLOYMENT_TARGET = 15.5;
				MTL_ENABLE_DEBUG_INFO = NO;
				MTL_FAST_MATH = YES;
				ONLY_ACTIVE_ARCH = YES;
				SDKROOT = macosx;
				SWIFT_COMPILATION_MODE = wholemodule;
			};
			name = Release;
		};
		2AA202BB2EF63E3900D74F58 /* Debug */ = {
			isa = XCBuildConfiguration;
			buildSettings = {
				ASSETCATALOG_COMPILER_APPICON_NAME = AppIcon;
				ASSETCATALOG_COMPILER_GLOBAL_ACCENT_COLOR_NAME = AccentColor;
				CODE_SIGN_ENTITLEMENTS = metal/metal.entitlements;
				CODE_SIGN_STYLE = Automatic;
				COMBINE_HIDPI_IMAGES = YES;
				CURRENT_PROJECT_VERSION = 1;
				DEVELOPMENT_TEAM = "";
				ENABLE_HARDENED_RUNTIME = NO;
				ENABLE_PREVIEWS = YES;
				GENERATE_INFOPLIST_FILE = YES;
				INFOPLIST_KEY_NSHumanReadableCopyright = "";
				INFOPLIST_KEY_NSMicrophoneUsageDescription = "Metal need access to the microphone to record audio";
				INFOPLIST_KEY_NSSpeechRecognitionUsageDescription = "Metal need access to hear your commands";
				LD_RUNPATH_SEARCH_PATHS = (
					"$(inherited)",
					"@executable_path/../Frameworks",
				);
				MARKETING_VERSION = 1.0;
				PRODUCT_BUNDLE_IDENTIFIER = org.roxyorg.roxy;
				PRODUCT_NAME = Roxy;
				REGISTER_APP_GROUPS = YES;
				SWIFT_EMIT_LOC_STRINGS = YES;
				SWIFT_VERSION = 5.0;
			};
			name = Debug;
		};
		2AA202BC2EF63E3900D74F58 /* Release */ = {
			isa = XCBuildConfiguration;
			buildSettings = {
				ASSETCATALOG_COMPILER_APPICON_NAME = AppIcon;
				ASSETCATALOG_COMPILER_GLOBAL_ACCENT_COLOR_NAME = AccentColor;
				CODE_SIGN_ENTITLEMENTS = metal/metal.entitlements;
				CODE_SIGN_STYLE = Automatic;
				COMBINE_HIDPI_IMAGES = YES;
				CURRENT_PROJECT_VERSION = 1;
				DEVELOPMENT_TEAM = "";
				ENABLE_HARDENED_RUNTIME = NO;
				ENABLE_PREVIEWS = YES;
				GENERATE_INFOPLIST_FILE = YES;
				INFOPLIST_KEY_NSHumanReadableCopyright = "";
				INFOPLIST_KEY_NSMicrophoneUsageDescription = "Metal need access to the microphone to record audio";
				INFOPLIST_KEY_NSSpeechRecognitionUsageDescription = "Metal need access to hear your commands";
				LD_RUNPATH_SEARCH_PATHS = (
					"$(inherited)",
					"@executable_path/../Frameworks",
				);
				MARKETING_VERSION = 1.0;
				PRODUCT_BUNDLE_IDENTIFIER = org.roxyorg.roxy;
				PRODUCT_NAME = Roxy;
				REGISTER_APP_GROUPS = YES;
				SWIFT_EMIT_LOC_STRINGS = YES;
				SWIFT_VERSION = 5.0;
			};
			name = Release;
		};
		2AA202BE2EF63E3900D74F58 /* Debug */ = {
			isa = XCBuildConfiguration;
			buildSettings = {
				BUNDLE_LOADER = "$(TEST_HOST)";
				CODE_SIGN_STYLE = Automatic;
				CURRENT_PROJECT_VERSION = 1;
				DEVELOPMENT_TEAM = M2958969QL;
				GENERATE_INFOPLIST_FILE = YES;
				MACOSX_DEPLOYMENT_TARGET = 15.5;
				MARKETING_VERSION = 1.0;
				PRODUCT_BUNDLE_IDENTIFIER = org.roxyorg.roxyTests;
				PRODUCT_NAME = "$(TARGET_NAME)";
				SWIFT_EMIT_LOC_STRINGS = NO;
				SWIFT_VERSION = 5.0;
				TEST_HOST = "$(BUILT_PRODUCTS_DIR)/metal.app/$(BUNDLE_EXECUTABLE_FOLDER_PATH)/metal";
			};
			name = Debug;
		};
		2AA202BF2EF63E3900D74F58 /* Release */ = {
			isa = XCBuildConfiguration;
			buildSettings = {
				BUNDLE_LOADER = "$(TEST_HOST)";
				CODE_SIGN_STYLE = Automatic;
				CURRENT_PROJECT_VERSION = 1;
				DEVELOPMENT_TEAM = "";
				GENERATE_INFOPLIST_FILE = YES;
				MACOSX_DEPLOYMENT_TARGET = 15.5;
				MARKETING_VERSION = 1.0;
				PRODUCT_BUNDLE_IDENTIFIER = org.roxyorg.roxyTests;
				PRODUCT_NAME = "$(TARGET_NAME)";
				SWIFT_EMIT_LOC_STRINGS = NO;
				SWIFT_VERSION = 5.0;
				TEST_HOST = "$(BUILT_PRODUCTS_DIR)/metal.app/$(BUNDLE_EXECUTABLE_FOLDER_PATH)/metal";
			};
			name = Release;
		};
		2AA202C12EF63E3900D74F58 /* Debug */ = {
			isa = XCBuildConfiguration;
			buildSettings = {
				CODE_SIGN_STYLE = Automatic;
				CURRENT_PROJECT_VERSION = 1;
				DEVELOPMENT_TEAM = M2958969QL;
				GENERATE_INFOPLIST_FILE = YES;
				MARKETING_VERSION = 1.0;
				PRODUCT_BUNDLE_IDENTIFIER = org.roxyorg.roxyUITests;
				PRODUCT_NAME = "$(TARGET_NAME)";
				SWIFT_EMIT_LOC_STRINGS = NO;
				SWIFT_VERSION = 5.0;
				TEST_TARGET_NAME = metal;
			};
			name = Debug;
		};
		2AA202C22EF63E3900D74F58 /* Release */ = {
			isa = XCBuildConfiguration;
			buildSettings = {
				CODE_SIGN_STYLE = Automatic;
				CURRENT_PROJECT_VERSION = 1;
				DEVELOPMENT_TEAM = "";
				GENERATE_INFOPLIST_FILE = YES;
				MARKETING_VERSION = 1.0;
				PRODUCT_BUNDLE_IDENTIFIER = org.roxyorg.roxyUITests;
				PRODUCT_NAME = "$(TARGET_NAME)";
				SWIFT_EMIT_LOC_STRINGS = NO;
				SWIFT_VERSION = 5.0;
				TEST_TARGET_NAME = metal;
			};
			name = Release;
		};
/* End XCBuildConfiguration section */

/* Begin XCConfigurationList section */
		2AA202932EF63E3800D74F58 /* Build configuration list for PBXProject "metal" */ = {
			isa = XCConfigurationList;
			buildConfigurations = (
				2AA202B82EF63E3900D74F58 /* Debug */,
				2AA202B92EF63E3900D74F58 /* Release */,
			);
			defaultConfigurationIsVisible = 0;
			defaultConfigurationName = Release;
		};
		2AA202BA2EF63E3900D74F58 /* Build configuration list for PBXNativeTarget "metal" */ = {
			isa = XCConfigurationList;
			buildConfigurations = (
				2AA202BB2EF63E3900D74F58 /* Debug */,
				2AA202BC2EF63E3900D74F58 /* Release */,
			);
			defaultConfigurationIsVisible = 0;
			defaultConfigurationName = Release;
		};
		2AA202BD2EF63E3900D74F58 /* Build configuration list for PBXNativeTarget "metalTests" */ = {
			isa = XCConfigurationList;
			buildConfigurations = (
				2AA202BE2EF63E3900D74F58 /* Debug */,
				2AA202BF2EF63E3900D74F58 /* Release */,
			);
			defaultConfigurationIsVisible = 0;
			defaultConfigurationName = Release;
		};
		2AA202C02EF63E3900D74F58 /* Build configuration list for PBXNativeTarget "metalUITests" */ = {
			isa = XCConfigurationList;
			buildConfigurations = (
				2AA202C12EF63E3900D74F58 /* Debug */,
				2AA202C22EF63E3900D74F58 /* Release */,
			);
			defaultConfigurationIsVisible = 0;
			defaultConfigurationName = Release;
		};
/* End XCConfigurationList section */

/* Begin XCRemoteSwiftPackageReference section */
		2AA202C32EF63E3900D74F59 /* XCRemoteSwiftPackageReference "Vortex" */ = {
			isa = XCRemoteSwiftPackageReference;
			repositoryURL = "https://github.com/twostraws/Vortex";
			requirement = {
				kind = upToNextMajorVersion;
				minimumVersion = 1.0.0;
			};
		};
		2AA202C42EF63E3900D74F5A /* XCRemoteSwiftPackageReference "SwiftUI-Shimmer" */ = {
			isa = XCRemoteSwiftPackageReference;
			repositoryURL = "https://github.com/markiv/SwiftUI-Shimmer";
			requirement = {
				kind = upToNextMajorVersion;
				minimumVersion = 1.0.0;
			};
		};
/* End XCRemoteSwiftPackageReference section */

/* Begin XCSwiftPackageProductDependency section */
		2AA202C52EF63E3900D74F5B /* Vortex */ = {
			isa = XCSwiftPackageProductDependency;
			package = 2AA202C32EF63E3900D74F59 /* XCRemoteSwiftPackageReference "Vortex" */;
			productName = Vortex;
		};
		2AA202C62EF63E3900D74F5C /* Shimmer */ = {
			isa = XCSwiftPackageProductDependency;
			package = 2AA202C42EF63E3900D74F5A /* XCRemoteSwiftPackageReference "SwiftUI-Shimmer" */;
			productName = Shimmer;
		};
/* End XCSwiftPackageProductDependency section */
	};
	rootObject = 2AA202902EF63E3800D74F58 /* Project object */;
}
